// !$*UTF8*$!
{
	archiveVersion = 1;
	classes = {
	};
	objectVersion = 56;
	objects = {

/* Begin PBXBuildFile section */
		07F7BB282C8A720F00EF7A19 /* StopwatchAIApp.swift in Sources */ = {isa = PBXBuildFile; fileRef = 07F7BB272C8A720F00EF7A19 /* StopwatchAIApp.swift */; };
		07F7BB2A2C8A720F00EF7A19 /* ContentView.swift in Sources */ = {isa = PBXBuildFile; fileRef = 07F7BB292C8A720F00EF7A19 /* ContentView.swift */; };
		07F7BB2C2C8A721000EF7A19 /* Assets.xcassets in Resources */ = {isa = PBXBuildFile; fileRef = 07F7BB2B2C8A721000EF7A19 /* Assets.xcassets */; };
		07F7BB2F2C8A721000EF7A19 /* Preview Assets.xcassets in Resources */ = {isa = PBXBuildFile; fileRef = 07F7BB2E2C8A721000EF7A19 /* Preview Assets.xcassets */; };
		07F7BB392C8A721000EF7A19 /* StopwatchAITests.swift in Sources */ = {isa = PBXBuildFile; fileRef = 07F7BB382C8A721000EF7A19 /* StopwatchAITests.swift */; };
		07F7BB432C8A721000EF7A19 /* StopwatchAIUITests.swift in Sources */ = {isa = PBXBuildFile; fileRef = 07F7BB422C8A721000EF7A19 /* StopwatchAIUITests.swift */; };
		07F7BB452C8A721000EF7A19 /* StopwatchAIUITestsLaunchTests.swift in Sources */ = {isa = PBXBuildFile; fileRef = 07F7BB442C8A721000EF7A19 /* StopwatchAIUITestsLaunchTests.swift */; };
/* End PBXBuildFile section */

/* Begin PBXContainerItemProxy section */
		07F7BB352C8A721000EF7A19 /* PBXContainerItemProxy */ = {
			isa = PBXContainerItemProxy;
			containerPortal = 07F7BB1C2C8A720F00EF7A19 /* Project object */;
			proxyType = 1;
			remoteGlobalIDString = 07F7BB232C8A720F00EF7A19;
			remoteInfo = StopwatchAI;
		};
		07F7BB3F2C8A721000EF7A19 /* PBXContainerItemProxy */ = {
			isa = PBXContainerItemProxy;
			containerPortal = 07F7BB1C2C8A720F00EF7A19 /* Project object */;
			proxyType = 1;
			remoteGlobalIDString = 07F7BB232C8A720F00EF7A19;
			remoteInfo = StopwatchAI;
		};
/* End PBXContainerItemProxy section */

/* Begin PBXFileReference section */
		07F7BB242C8A720F00EF7A19 /* StopwatchAI.app */ = {isa = PBXFileReference; explicitFileType = wrapper.application; includeInIndex = 0; path = StopwatchAI.app; sourceTree = BUILT_PRODUCTS_DIR; };
		07F7BB272C8A720F00EF7A19 /* StopwatchAIApp.swift */ = {isa = PBXFileReference; lastKnownFileType = sourcecode.swift; path = StopwatchAIApp.swift; sourceTree = "<group>"; };
		07F7BB292C8A720F00EF7A19 /* ContentView.swift */ = {isa = PBXFileReference; lastKnownFileType = sourcecode.swift; path = ContentView.swift; sourceTree = "<group>"; };
		07F7BB2B2C8A721000EF7A19 /* Assets.xcassets */ = {isa = PBXFileReference; lastKnownFileType = folder.assetcatalog; path = Assets.xcassets; sourceTree = "<group>"; };
		07F7BB2E2C8A721000EF7A19 /* Preview Assets.xcassets */ = {isa = PBXFileReference; lastKnownFileType = folder.assetcatalog; path = "Preview Assets.xcassets"; sourceTree = "<group>"; };
		07F7BB342C8A721000EF7A19 /* StopwatchAITests.xctest */ = {isa = PBXFileReference; explicitFileType = wrapper.cfbundle; includeInIndex = 0; path = StopwatchAITests.xctest; sourceTree = BUILT_PRODUCTS_DIR; };
		07F7BB382C8A721000EF7A19 /* StopwatchAITests.swift */ = {isa = PBXFileReference; lastKnownFileType = sourcecode.swift; path = StopwatchAITests.swift; sourceTree = "<group>"; };
		07F7BB3E2C8A721000EF7A19 /* StopwatchAIUITests.xctest */ = {isa = PBXFileReference; explicitFileType = wrapper.cfbundle; includeInIndex = 0; path = StopwatchAIUITests.xctest; sourceTree = BUILT_PRODUCTS_DIR; };
		07F7BB422C8A721000EF7A19 /* StopwatchAIUITests.swift */ = {isa = PBXFileReference; lastKnownFileType = sourcecode.swift; path = StopwatchAIUITests.swift; sourceTree = "<group>"; };
		07F7BB442C8A721000EF7A19 /* StopwatchAIUITestsLaunchTests.swift */ = {isa = PBXFileReference; lastKnownFileType = sourcecode.swift; path = StopwatchAIUITestsLaunchTests.swift; sourceTree = "<group>"; };
/* End PBXFileReference section */

/* Begin PBXFrameworksBuildPhase section */
		07F7BB212C8A720F00EF7A19 /* Frameworks */ = {
			isa = PBXFrameworksBuildPhase;
			buildActionMask = 2147483647;
			files = (
			);
			runOnlyForDeploymentPostprocessing = 0;
		};
		07F7BB312C8A721000EF7A19 /* Frameworks */ = {
			isa = PBXFrameworksBuildPhase;
			buildActionMask = 2147483647;
			files = (
			);
			runOnlyForDeploymentPostprocessing = 0;
		};
		07F7BB3B2C8A721000EF7A19 /* Frameworks */ = {
			isa = PBXFrameworksBuildPhase;
			buildActionMask = 2147483647;
			files = (
			);
			runOnlyForDeploymentPostprocessing = 0;
		};
/* End PBXFrameworksBuildPhase section */

/* Begin PBXGroup section */
		07F7BB1B2C8A720F00EF7A19 = {
			isa = PBXGroup;
			children = (
				07F7BB262C8A720F00EF7A19 /* StopwatchAI */,
				07F7BB372C8A721000EF7A19 /* StopwatchAITests */,
				07F7BB412C8A721000EF7A19 /* StopwatchAIUITests */,
				07F7BB252C8A720F00EF7A19 /* Products */,
			);
			sourceTree = "<group>";
		};
		07F7BB252C8A720F00EF7A19 /* Products */ = {
			isa = PBXGroup;
			children = (
				07F7BB242C8A720F00EF7A19 /* StopwatchAI.app */,
				07F7BB342C8A721000EF7A19 /* StopwatchAITests.xctest */,
				07F7BB3E2C8A721000EF7A19 /* StopwatchAIUITests.xctest */,
			);
			name = Products;
			sourceTree = "<group>";
		};
		07F7BB262C8A720F00EF7A19 /* StopwatchAI */ = {
			isa = PBXGroup;
			children = (
				07F7BB272C8A720F00EF7A19 /* StopwatchAIApp.swift */,
				07F7BB292C8A720F00EF7A19 /* ContentView.swift */,
				07F7BB2B2C8A721000EF7A19 /* Assets.xcassets */,
				07F7BB2D2C8A721000EF7A19 /* Preview Content */,
			);
			path = StopwatchAI;
			sourceTree = "<group>";
		};
		07F7BB2D2C8A721000EF7A19 /* Preview Content */ = {
			isa = PBXGroup;
			children = (
				07F7BB2E2C8A721000EF7A19 /* Preview Assets.xcassets */,
			);
			path = "Preview Content";
			sourceTree = "<group>";
		};
		07F7BB372C8A721000EF7A19 /* StopwatchAITests */ = {
			isa = PBXGroup;
			children = (
				07F7BB382C8A721000EF7A19 /* StopwatchAITests.swift */,
			);
			path = StopwatchAITests;
			sourceTree = "<group>";
		};
		07F7BB412C8A721000EF7A19 /* StopwatchAIUITests */ = {
			isa = PBXGroup;
			children = (
				07F7BB422C8A721000EF7A19 /* StopwatchAIUITests.swift */,
				07F7BB442C8A721000EF7A19 /* StopwatchAIUITestsLaunchTests.swift */,
			);
			path = StopwatchAIUITests;
			sourceTree = "<group>";
		};
/* End PBXGroup section */

/* Begin PBXNativeTarget section */
		07F7BB232C8A720F00EF7A19 /* StopwatchAI */ = {
			isa = PBXNativeTarget;
			buildConfigurationList = 07F7BB482C8A721000EF7A19 /* Build configuration list for PBXNativeTarget "StopwatchAI" */;
			buildPhases = (
				07F7BB202C8A720F00EF7A19 /* Sources */,
				07F7BB212C8A720F00EF7A19 /* Frameworks */,
				07F7BB222C8A720F00EF7A19 /* Resources */,
			);
			buildRules = (
			);
			dependencies = (
			);
			name = StopwatchAI;
			productName = StopwatchAI;
			productReference = 07F7BB242C8A720F00EF7A19 /* StopwatchAI.app */;
			productType = "com.apple.product-type.application";
		};
		07F7BB332C8A721000EF7A19 /* StopwatchAITests */ = {
			isa = PBXNativeTarget;
			buildConfigurationList = 07F7BB4B2C8A721000EF7A19 /* Build configuration list for PBXNativeTarget "StopwatchAITests" */;
			buildPhases = (
				07F7BB302C8A721000EF7A19 /* Sources */,
				07F7BB312C8A721000EF7A19 /* Frameworks */,
				07F7BB322C8A721000EF7A19 /* Resources */,
			);
			buildRules = (
			);
			dependencies = (
				07F7BB362C8A721000EF7A19 /* PBXTargetDependency */,
			);
			name = StopwatchAITests;
			productName = StopwatchAITests;
			productReference = 07F7BB342C8A721000EF7A19 /* StopwatchAITests.xctest */;
			productType = "com.apple.product-type.bundle.unit-test";
		};
		07F7BB3D2C8A721000EF7A19 /* StopwatchAIUITests */ = {
			isa = PBXNativeTarget;
			buildConfigurationList = 07F7BB4E2C8A721000EF7A19 /* Build configuration list for PBXNativeTarget "StopwatchAIUITests" */;
			buildPhases = (
				07F7BB3A2C8A721000EF7A19 /* Sources */,
				07F7BB3B2C8A721000EF7A19 /* Frameworks */,
				07F7BB3C2C8A721000EF7A19 /* Resources */,
			);
			buildRules = (
			);
			dependencies = (
				07F7BB402C8A721000EF7A19 /* PBXTargetDependency */,
			);
			name = StopwatchAIUITests;
			productName = StopwatchAIUITests;
			productReference = 07F7BB3E2C8A721000EF7A19 /* StopwatchAIUITests.xctest */;
			productType = "com.apple.product-type.bundle.ui-testing";
		};
/* End PBXNativeTarget section */

/* Begin PBXProject section */
		07F7BB1C2C8A720F00EF7A19 /* Project object */ = {
			isa = PBXProject;
			attributes = {
				BuildIndependentTargetsInParallel = 1;
				LastSwiftUpdateCheck = 1540;
				LastUpgradeCheck = 1540;
				TargetAttributes = {
					07F7BB232C8A720F00EF7A19 = {
						CreatedOnToolsVersion = 15.4;
					};
					07F7BB332C8A721000EF7A19 = {
						CreatedOnToolsVersion = 15.4;
						TestTargetID = 07F7BB232C8A720F00EF7A19;
					};
					07F7BB3D2C8A721000EF7A19 = {
						CreatedOnToolsVersion = 15.4;
						TestTargetID = 07F7BB232C8A720F00EF7A19;
					};
				};
			};
			buildConfigurationList = 07F7BB1F2C8A720F00EF7A19 /* Build configuration list for PBXProject "StopwatchAI" */;
			compatibilityVersion = "Xcode 14.0";
			developmentRegion = en;
			hasScannedForEncodings = 0;
			knownRegions = (
				en,
				Base,
			);
			mainGroup = 07F7BB1B2C8A720F00EF7A19;
			productRefGroup = 07F7BB252C8A720F00EF7A19 /* Products */;
			projectDirPath = "";
			projectRoot = "";
			targets = (
				07F7BB232C8A720F00EF7A19 /* StopwatchAI */,
				07F7BB332C8A721000EF7A19 /* StopwatchAITests */,
				07F7BB3D2C8A721000EF7A19 /* StopwatchAIUITests */,
			);
		};
/* End PBXProject section */

/* Begin PBXResourcesBuildPhase section */
		07F7BB222C8A720F00EF7A19 /* Resources */ = {
			isa = PBXResourcesBuildPhase;
			buildActionMask = 2147483647;
			files = (
				07F7BB2F2C8A721000EF7A19 /* Preview Assets.xcassets in Resources */,
				07F7BB2C2C8A721000EF7A19 /* Assets.xcassets in Resources */,
			);
			runOnlyForDeploymentPostprocessing = 0;
		};
		07F7BB322C8A721000EF7A19 /* Resources */ = {
			isa = PBXResourcesBuildPhase;
			buildActionMask = 2147483647;
			files = (
			);
			runOnlyForDeploymentPostprocessing = 0;
		};
		07F7BB3C2C8A721000EF7A19 /* Resources */ = {
			isa = PBXResourcesBuildPhase;
			buildActionMask = 2147483647;
			files = (
			);
			runOnlyForDeploymentPostprocessing = 0;
		};
/* End PBXResourcesBuildPhase section */

/* Begin PBXSourcesBuildPhase section */
		07F7BB202C8A720F00EF7A19 /* Sources */ = {
			isa = PBXSourcesBuildPhase;
			buildActionMask = 2147483647;
			files = (
				07F7BB2A2C8A720F00EF7A19 /* ContentView.swift in Sources */,
				07F7BB282C8A720F00EF7A19 /* StopwatchAIApp.swift in Sources */,
			);
			runOnlyForDeploymentPostprocessing = 0;
		};
		07F7BB302C8A721000EF7A19 /* Sources */ = {
			isa = PBXSourcesBuildPhase;
			buildActionMask = 2147483647;
			files = (
				07F7BB392C8A721000EF7A19 /* StopwatchAITests.swift in Sources */,
			);
			runOnlyForDeploymentPostprocessing = 0;
		};
		07F7BB3A2C8A721000EF7A19 /* Sources */ = {
			isa = PBXSourcesBuildPhase;
			buildActionMask = 2147483647;
			files = (
				07F7BB452C8A721000EF7A19 /* StopwatchAIUITestsLaunchTests.swift in Sources */,
				07F7BB432C8A721000EF7A19 /* StopwatchAIUITests.swift in Sources */,
			);
			runOnlyForDeploymentPostprocessing = 0;
		};
/* End PBXSourcesBuildPhase section */

/* Begin PBXTargetDependency section */
		07F7BB362C8A721000EF7A19 /* PBXTargetDependency */ = {
			isa = PBXTargetDependency;
			target = 07F7BB232C8A720F00EF7A19 /* StopwatchAI */;
			targetProxy = 07F7BB352C8A721000EF7A19 /* PBXContainerItemProxy */;
		};
		07F7BB402C8A721000EF7A19 /* PBXTargetDependency */ = {
			isa = PBXTargetDependency;
			target = 07F7BB232C8A720F00EF7A19 /* StopwatchAI */;
			targetProxy = 07F7BB3F2C8A721000EF7A19 /* PBXContainerItemProxy */;
		};
/* End PBXTargetDependency section */

/* Begin XCBuildConfiguration section */
		07F7BB462C8A721000EF7A19 /* Debug */ = {
			isa = XCBuildConfiguration;
			buildSettings = {
				ALWAYS_SEARCH_USER_PATHS = NO;
				ASSETCATALOG_COMPILER_GENERATE_SWIFT_ASSET_SYMBOL_EXTENSIONS = YES;
				CLANG_ANALYZER_NONNULL = YES;
				CLANG_ANALYZER_NUMBER_OBJECT_CONVERSION = YES_AGGRESSIVE;
				CLANG_CXX_LANGUAGE_STANDARD = "gnu++20";
				CLANG_ENABLE_MODULES = YES;
				CLANG_ENABLE_OBJC_ARC = YES;
				CLANG_ENABLE_OBJC_WEAK = YES;
				CLANG_WARN_BLOCK_CAPTURE_AUTORELEASING = YES;
				CLANG_WARN_BOOL_CONVERSION = YES;
				CLANG_WARN_COMMA = YES;
				CLANG_WARN_CONSTANT_CONVERSION = YES;
				CLANG_WARN_DEPRECATED_OBJC_IMPLEMENTATIONS = YES;
				CLANG_WARN_DIRECT_OBJC_ISA_USAGE = YES_ERROR;
				CLANG_WARN_DOCUMENTATION_COMMENTS = YES;
				CLANG_WARN_EMPTY_BODY = YES;
				CLANG_WARN_ENUM_CONVERSION = YES;
				CLANG_WARN_INFINITE_RECURSION = YES;
				CLANG_WARN_INT_CONVERSION = YES;
				CLANG_WARN_NON_LITERAL_NULL_CONVERSION = YES;
				CLANG_WARN_OBJC_IMPLICIT_RETAIN_SELF = YES;
				CLANG_WARN_OBJC_LITERAL_CONVERSION = YES;
				CLANG_WARN_OBJC_ROOT_CLASS = YES_ERROR;
				CLANG_WARN_QUOTED_INCLUDE_IN_FRAMEWORK_HEADER = YES;
				CLANG_WARN_RANGE_LOOP_ANALYSIS = YES;
				CLANG_WARN_STRICT_PROTOTYPES = YES;
				CLANG_WARN_SUSPICIOUS_MOVE = YES;
				CLANG_WARN_UNGUARDED_AVAILABILITY = YES_AGGRESSIVE;
				CLANG_WARN_UNREACHABLE_CODE = YES;
				CLANG_WARN__DUPLICATE_METHOD_MATCH = YES;
				COPY_PHASE_STRIP = NO;
				DEBUG_INFORMATION_FORMAT = dwarf;
				ENABLE_STRICT_OBJC_MSGSEND = YES;
				ENABLE_TESTABILITY = YES;
				ENABLE_USER_SCRIPT_SANDBOXING = YES;
				GCC_C_LANGUAGE_STANDARD = gnu17;
				GCC_DYNAMIC_NO_PIC = NO;
				GCC_NO_COMMON_BLOCKS = YES;
				GCC_OPTIMIZATION_LEVEL = 0;
				GCC_PREPROCESSOR_DEFINITIONS = (
					"DEBUG=1",
					"$(inherited)",
				);
				GCC_WARN_64_TO_32_BIT_CONVERSION = YES;
				GCC_WARN_ABOUT_RETURN_TYPE = YES_ERROR;
				GCC_WARN_UNDECLARED_SELECTOR = YES;
				GCC_WARN_UNINITIALIZED_AUTOS = YES_AGGRESSIVE;
				GCC_WARN_UNUSED_FUNCTION = YES;
				GCC_WARN_UNUSED_VARIABLE = YES;
				IPHONEOS_DEPLOYMENT_TARGET = 17.5;
				LOCALIZATION_PREFERS_STRING_CATALOGS = YES;
				MTL_ENABLE_DEBUG_INFO = INCLUDE_SOURCE;
				MTL_FAST_MATH = YES;
				ONLY_ACTIVE_ARCH = YES;
				SDKROOT = iphoneos;
				SWIFT_ACTIVE_COMPILATION_CONDITIONS = "DEBUG $(inherited)";
				SWIFT_OPTIMIZATION_LEVEL = "-Onone";
			};
			name = Debug;
		};
		07F7BB472C8A721000EF7A19 /* Release */ = {
			isa = XCBuildConfiguration;
			buildSettings = {
				ALWAYS_SEARCH_USER_PATHS = NO;
				ASSETCATALOG_COMPILER_GENERATE_SWIFT_ASSET_SYMBOL_EXTENSIONS = YES;
				CLANG_ANALYZER_NONNULL = YES;
				CLANG_ANALYZER_NUMBER_OBJECT_CONVERSION = YES_AGGRESSIVE;
				CLANG_CXX_LANGUAGE_STANDARD = "gnu++20";
				CLANG_ENABLE_MODULES = YES;
				CLANG_ENABLE_OBJC_ARC = YES;
				CLANG_ENABLE_OBJC_WEAK = YES;
				CLANG_WARN_BLOCK_CAPTURE_AUTORELEASING = YES;
				CLANG_WARN_BOOL_CONVERSION = YES;
				CLANG_WARN_COMMA = YES;
				CLANG_WARN_CONSTANT_CONVERSION = YES;
				CLANG_WARN_DEPRECATED_OBJC_IMPLEMENTATIONS = YES;
				CLANG_WARN_DIRECT_OBJC_ISA_USAGE = YES_ERROR;
				CLANG_WARN_DOCUMENTATION_COMMENTS = YES;
				CLANG_WARN_EMPTY_BODY = YES;
				CLANG_WARN_ENUM_CONVERSION = YES;
				CLANG_WARN_INFINITE_RECURSION = YES;
				CLANG_WARN_INT_CONVERSION = YES;
				CLANG_WARN_NON_LITERAL_NULL_CONVERSION = YES;
				CLANG_WARN_OBJC_IMPLICIT_RETAIN_SELF = YES;
				CLANG_WARN_OBJC_LITERAL_CONVERSION = YES;
				CLANG_WARN_OBJC_ROOT_CLASS = YES_ERROR;
				CLANG_WARN_QUOTED_INCLUDE_IN_FRAMEWORK_HEADER = YES;
				CLANG_WARN_RANGE_LOOP_ANALYSIS = YES;
				CLANG_WARN_STRICT_PROTOTYPES = YES;
				CLANG_WARN_SUSPICIOUS_MOVE = YES;
				CLANG_WARN_UNGUARDED_AVAILABILITY = YES_AGGRESSIVE;
				CLANG_WARN_UNREACHABLE_CODE = YES;
				CLANG_WARN__DUPLICATE_METHOD_MATCH = YES;
				COPY_PHASE_STRIP = NO;
				DEBUG_INFORMATION_FORMAT = "dwarf-with-dsym";
				ENABLE_NS_ASSERTIONS = NO;
				ENABLE_STRICT_OBJC_MSGSEND = YES;
				ENABLE_USER_SCRIPT_SANDBOXING = YES;
				GCC_C_LANGUAGE_STANDARD = gnu17;
				GCC_NO_COMMON_BLOCKS = YES;
				GCC_WARN_64_TO_32_BIT_CONVERSION = YES;
				GCC_WARN_ABOUT_RETURN_TYPE = YES_ERROR;
				GCC_WARN_UNDECLARED_SELECTOR = YES;
				GCC_WARN_UNINITIALIZED_AUTOS = YES_AGGRESSIVE;
				GCC_WARN_UNUSED_FUNCTION = YES;
				GCC_WARN_UNUSED_VARIABLE = YES;
				IPHONEOS_DEPLOYMENT_TARGET = 17.5;
				LOCALIZATION_PREFERS_STRING_CATALOGS = YES;
				MTL_ENABLE_DEBUG_INFO = NO;
				MTL_FAST_MATH = YES;
				SDKROOT = iphoneos;
				SWIFT_COMPILATION_MODE = wholemodule;
				VALIDATE_PRODUCT = YES;
			};
			name = Release;
		};
		07F7BB492C8A721000EF7A19 /* Debug */ = {
			isa = XCBuildConfiguration;
			buildSettings = {
				ASSETCATALOG_COMPILER_APPICON_NAME = AppIcon;
				ASSETCATALOG_COMPILER_GLOBAL_ACCENT_COLOR_NAME = AccentColor;
				CODE_SIGN_STYLE = Automatic;
				CURRENT_PROJECT_VERSION = 1;
				DEVELOPMENT_ASSET_PATHS = "\"StopwatchAI/Preview Content\"";
				ENABLE_PREVIEWS = YES;
				GENERATE_INFOPLIST_FILE = YES;
				INFOPLIST_KEY_UIApplicationSceneManifest_Generation = YES;
				INFOPLIST_KEY_UIApplicationSupportsIndirectInputEvents = YES;
				INFOPLIST_KEY_UILaunchScreen_Generation = YES;
				INFOPLIST_KEY_UISupportedInterfaceOrientations_iPad = "UIInterfaceOrientationPortrait UIInterfaceOrientationPortraitUpsideDown UIInterfaceOrientationLandscapeLeft UIInterfaceOrientationLandscapeRight";
				INFOPLIST_KEY_UISupportedInterfaceOrientations_iPhone = "UIInterfaceOrientationPortrait UIInterfaceOrientationLandscapeLeft UIInterfaceOrientationLandscapeRight";
				LD_RUNPATH_SEARCH_PATHS = (
					"$(inherited)",
					"@executable_path/Frameworks",
				);
				MARKETING_VERSION = 1.0;
				PRODUCT_BUNDLE_IDENTIFIER = Bahzad.StopwatchAI;
				PRODUCT_NAME = "$(TARGET_NAME)";
				SWIFT_EMIT_LOC_STRINGS = YES;
				SWIFT_VERSION = 5.0;
				TARGETED_DEVICE_FAMILY = "1,2";
			};
			name = Debug;
		};
		07F7BB4A2C8A721000EF7A19 /* Release */ = {
			isa = XCBuildConfiguration;
			buildSettings = {
				ASSETCATALOG_COMPILER_APPICON_NAME = AppIcon;
				ASSETCATALOG_COMPILER_GLOBAL_ACCENT_COLOR_NAME = AccentColor;
				CODE_SIGN_STYLE = Automatic;
				CURRENT_PROJECT_VERSION = 1;
				DEVELOPMENT_ASSET_PATHS = "\"StopwatchAI/Preview Content\"";
				ENABLE_PREVIEWS = YES;
				GENERATE_INFOPLIST_FILE = YES;
				INFOPLIST_KEY_UIApplicationSceneManifest_Generation = YES;
				INFOPLIST_KEY_UIApplicationSupportsIndirectInputEvents = YES;
				INFOPLIST_KEY_UILaunchScreen_Generation = YES;
				INFOPLIST_KEY_UISupportedInterfaceOrientations_iPad = "UIInterfaceOrientationPortrait UIInterfaceOrientationPortraitUpsideDown UIInterfaceOrientationLandscapeLeft UIInterfaceOrientationLandscapeRight";
				INFOPLIST_KEY_UISupportedInterfaceOrientations_iPhone = "UIInterfaceOrientationPortrait UIInterfaceOrientationLandscapeLeft UIInterfaceOrientationLandscapeRight";
				LD_RUNPATH_SEARCH_PATHS = (
					"$(inherited)",
					"@executable_path/Frameworks",
				);
				MARKETING_VERSION = 1.0;
				PRODUCT_BUNDLE_IDENTIFIER = Bahzad.StopwatchAI;
				PRODUCT_NAME = "$(TARGET_NAME)";
				SWIFT_EMIT_LOC_STRINGS = YES;
				SWIFT_VERSION = 5.0;
				TARGETED_DEVICE_FAMILY = "1,2";
			};
			name = Release;
		};
		07F7BB4C2C8A721000EF7A19 /* Debug */ = {
			isa = XCBuildConfiguration;
			buildSettings = {
				ALWAYS_EMBED_SWIFT_STANDARD_LIBRARIES = YES;
				BUNDLE_LOADER = "$(TEST_HOST)";
				CODE_SIGN_STYLE = Automatic;
				CURRENT_PROJECT_VERSION = 1;
				GENERATE_INFOPLIST_FILE = YES;
				IPHONEOS_DEPLOYMENT_TARGET = 17.5;
				MARKETING_VERSION = 1.0;
				PRODUCT_BUNDLE_IDENTIFIER = Bahzad.StopwatchAITests;
				PRODUCT_NAME = "$(TARGET_NAME)";
				SWIFT_EMIT_LOC_STRINGS = NO;
				SWIFT_VERSION = 5.0;
				TARGETED_DEVICE_FAMILY = "1,2";
				TEST_HOST = "$(BUILT_PRODUCTS_DIR)/StopwatchAI.app/$(BUNDLE_EXECUTABLE_FOLDER_PATH)/StopwatchAI";
			};
			name = Debug;
		};
		07F7BB4D2C8A721000EF7A19 /* Release */ = {
			isa = XCBuildConfiguration;
			buildSettings = {
				ALWAYS_EMBED_SWIFT_STANDARD_LIBRARIES = YES;
				BUNDLE_LOADER = "$(TEST_HOST)";
				CODE_SIGN_STYLE = Automatic;
				CURRENT_PROJECT_VERSION = 1;
				GENERATE_INFOPLIST_FILE = YES;
				IPHONEOS_DEPLOYMENT_TARGET = 17.5;
				MARKETING_VERSION = 1.0;
				PRODUCT_BUNDLE_IDENTIFIER = Bahzad.StopwatchAITests;
				PRODUCT_NAME = "$(TARGET_NAME)";
				SWIFT_EMIT_LOC_STRINGS = NO;
				SWIFT_VERSION = 5.0;
				TARGETED_DEVICE_FAMILY = "1,2";
				TEST_HOST = "$(BUILT_PRODUCTS_DIR)/StopwatchAI.app/$(BUNDLE_EXECUTABLE_FOLDER_PATH)/StopwatchAI";
			};
			name = Release;
		};
		07F7BB4F2C8A721000EF7A19 /* Debug */ = {
			isa = XCBuildConfiguration;
			buildSettings = {
				ALWAYS_EMBED_SWIFT_STANDARD_LIBRARIES = YES;
				CODE_SIGN_STYLE = Automatic;
				CURRENT_PROJECT_VERSION = 1;
				GENERATE_INFOPLIST_FILE = YES;
				MARKETING_VERSION = 1.0;
				PRODUCT_BUNDLE_IDENTIFIER = Bahzad.StopwatchAIUITests;
				PRODUCT_NAME = "$(TARGET_NAME)";
				SWIFT_EMIT_LOC_STRINGS = NO;
				SWIFT_VERSION = 5.0;
				TARGETED_DEVICE_FAMILY = "1,2";
				TEST_TARGET_NAME = StopwatchAI;
			};
			name = Debug;
		};
		07F7BB502C8A721000EF7A19 /* Release */ = {
			isa = XCBuildConfiguration;
			buildSettings = {
				ALWAYS_EMBED_SWIFT_STANDARD_LIBRARIES = YES;
				CODE_SIGN_STYLE = Automatic;
				CURRENT_PROJECT_VERSION = 1;
				GENERATE_INFOPLIST_FILE = YES;
				MARKETING_VERSION = 1.0;
				PRODUCT_BUNDLE_IDENTIFIER = Bahzad.StopwatchAIUITests;
				PRODUCT_NAME = "$(TARGET_NAME)";
				SWIFT_EMIT_LOC_STRINGS = NO;
				SWIFT_VERSION = 5.0;
				TARGETED_DEVICE_FAMILY = "1,2";
				TEST_TARGET_NAME = StopwatchAI;
			};
			name = Release;
		};
/* End XCBuildConfiguration section */

/* Begin XCConfigurationList section */
		07F7BB1F2C8A720F00EF7A19 /* Build configuration list for PBXProject "StopwatchAI" */ = {
			isa = XCConfigurationList;
			buildConfigurations = (
				07F7BB462C8A721000EF7A19 /* Debug */,
				07F7BB472C8A721000EF7A19 /* Release */,
			);
			defaultConfigurationIsVisible = 0;
			defaultConfigurationName = Release;
		};
		07F7BB482C8A721000EF7A19 /* Build configuration list for PBXNativeTarget "StopwatchAI" */ = {
			isa = XCConfigurationList;
			buildConfigurations = (
				07F7BB492C8A721000EF7A19 /* Debug */,
				07F7BB4A2C8A721000EF7A19 /* Release */,
			);
			defaultConfigurationIsVisible = 0;
			defaultConfigurationName = Release;
		};
		07F7BB4B2C8A721000EF7A19 /* Build configuration list for PBXNativeTarget "StopwatchAITests" */ = {
			isa = XCConfigurationList;
			buildConfigurations = (
				07F7BB4C2C8A721000EF7A19 /* Debug */,
				07F7BB4D2C8A721000EF7A19 /* Release */,
			);
			defaultConfigurationIsVisible = 0;
			defaultConfigurationName = Release;
		};
		07F7BB4E2C8A721000EF7A19 /* Build configuration list for PBXNativeTarget "StopwatchAIUITests" */ = {
			isa = XCConfigurationList;
			buildConfigurations = (
				07F7BB4F2C8A721000EF7A19 /* Debug */,
				07F7BB502C8A721000EF7A19 /* Release */,
			);
			defaultConfigurationIsVisible = 0;
			defaultConfigurationName = Release;
		};
/* End XCConfigurationList section */
	};
	rootObject = 07F7BB1C2C8A720F00EF7A19 /* Project object */;
}
